
Microsoft Visual Studio Solution File, Format Version 12.00
# Visual Studio Version 17
VisualStudioVersion = 17.6.33829.357
MinimumVisualStudioVersion = 10.0.40219.1
Project("{FAE04EC0-301F-11D3-BF4B-00C04F79EFBC}") = "Sum of Prime Numbers", "Sum of Prime Numbers.csproj", "{B5A725DD-203A-41FC-B2D0-F7AAD3048681}"
EndProject
Global
	GlobalSection(SolutionConfigurationPlatforms) = preSolution
		Debug|Any CPU = Debug|Any CPU
		Release|Any CPU = Release|Any CPU
	EndGlobalSection
	GlobalSection(ProjectConfigurationPlatforms) = postSolution
		{B5A725DD-203A-41FC-B2D0-F7AAD3048681}.Debug|Any CPU.ActiveCfg = Debug|Any CPU
		{B5A725DD-203A-41FC-B2D0-F7AAD3048681}.Debug|Any CPU.Build.0 = Debug|Any CPU
		{B5A725DD-203A-41FC-B2D0-F7AAD3048681}.Release|Any CPU.ActiveCfg = Release|Any CPU
		{B5A725DD-203A-41FC-B2D0-F7AAD3048681}.Release|Any CPU.Build.0 = Release|Any CPU
	EndGlobalSection
	GlobalSection(SolutionProperties) = preSolution
		HideSolutionNode = FALSE
	EndGlobalSection
	GlobalSection(ExtensibilityGlobals) = postSolution
		SolutionGuid = {E3C74D27-9B01-4ED1-97A9-F377FDECE186}
	EndGlobalSection
EndGlobal
